
Microsoft Visual Studio Solution File, Format Version 12.00
# Visual Studio Version 16
VisualStudioVersion = 16.0.30204.135
MinimumVisualStudioVersion = 10.0.40219.1
Project("{FAE04EC0-301F-11D3-BF4B-00C04F79EFBC}") = "SimioApiHelper", "SimioApiHelper\SimioApiHelper.csproj", "{2762FF6D-665E-4161-B56D-EA377875A10E}"
EndProject
Project("{FAE04EC0-301F-11D3-BF4B-00C04F79EFBC}") = "SimEngineFormsExperiment", "HeadlessFormsExperiment\SimEngineFormsExperiment.csproj", "{B5E17444-07ED-4832-9883-FDC3E8BCBAFC}"
EndProject
Project("{FAE04EC0-301F-11D3-BF4B-00C04F79EFBC}") = "SimEngineLibrary", "HeadlessLibrary\SimEngineLibrary.csproj", "{CA2AB3A8-EDBF-4D16-BB00-FB8C5F6CFEEC}"
EndProject
Project("{FAE04EC0-301F-11D3-BF4B-00C04F79EFBC}") = "SimEngineFormsPlan", "HeadlessFormsPlan\SimEngineFormsPlan.csproj", "{9A929FED-8005-479D-96F9-3CD20B6F9CB1}"
EndProject
Project("{FAE04EC0-301F-11D3-BF4B-00C04F79EFBC}") = "SimEngineConsolePlanPublish", "HeadlessConsolePlanPublish\SimEngineConsolePlanPublish.csproj", "{74A01328-FFD1-4DC0-88AA-CD77CA34E7D0}"
EndProject
Project("{FAE04EC0-301F-11D3-BF4B-00C04F79EFBC}") = "SimEngineConsoleExperimentSaveTable", "HeadlessConsoleExperimentSaveTable\SimEngineConsoleExperimentSaveTable.csproj", "{B1E18896-9816-40E3-B260-E4E56A23CD72}"
EndProject
Project("{FAE04EC0-301F-11D3-BF4B-00C04F79EFBC}") = "SimioApiHelper Setup", "SimioApiHelper Setup\SimioApiHelper Setup.csproj", "{44555887-C439-470C-944D-8866EC3D7067}"
EndProject
Global
	GlobalSection(SolutionConfigurationPlatforms) = preSolution
		Debug|Any CPU = Debug|Any CPU
		Release|Any CPU = Release|Any CPU
	EndGlobalSection
	GlobalSection(ProjectConfigurationPlatforms) = postSolution
		{2762FF6D-665E-4161-B56D-EA377875A10E}.Debug|Any CPU.ActiveCfg = Debug|Any CPU
		{2762FF6D-665E-4161-B56D-EA377875A10E}.Debug|Any CPU.Build.0 = Debug|Any CPU
		{2762FF6D-665E-4161-B56D-EA377875A10E}.Release|Any CPU.ActiveCfg = Release|Any CPU
		{2762FF6D-665E-4161-B56D-EA377875A10E}.Release|Any CPU.Build.0 = Release|Any CPU
		{B5E17444-07ED-4832-9883-FDC3E8BCBAFC}.Debug|Any CPU.ActiveCfg = Debug|Any CPU
		{B5E17444-07ED-4832-9883-FDC3E8BCBAFC}.Debug|Any CPU.Build.0 = Debug|Any CPU
		{B5E17444-07ED-4832-9883-FDC3E8BCBAFC}.Release|Any CPU.ActiveCfg = Release|Any CPU
		{B5E17444-07ED-4832-9883-FDC3E8BCBAFC}.Release|Any CPU.Build.0 = Release|Any CPU
		{CA2AB3A8-EDBF-4D16-BB00-FB8C5F6CFEEC}.Debug|Any CPU.ActiveCfg = Debug|Any CPU
		{CA2AB3A8-EDBF-4D16-BB00-FB8C5F6CFEEC}.Debug|Any CPU.Build.0 = Debug|Any CPU
		{CA2AB3A8-EDBF-4D16-BB00-FB8C5F6CFEEC}.Release|Any CPU.ActiveCfg = Release|Any CPU
		{CA2AB3A8-EDBF-4D16-BB00-FB8C5F6CFEEC}.Release|Any CPU.Build.0 = Release|Any CPU
		{9A929FED-8005-479D-96F9-3CD20B6F9CB1}.Debug|Any CPU.ActiveCfg = Debug|Any CPU
		{9A929FED-8005-479D-96F9-3CD20B6F9CB1}.Debug|Any CPU.Build.0 = Debug|Any CPU
		{9A929FED-8005-479D-96F9-3CD20B6F9CB1}.Release|Any CPU.ActiveCfg = Release|Any CPU
		{9A929FED-8005-479D-96F9-3CD20B6F9CB1}.Release|Any CPU.Build.0 = Release|Any CPU
		{74A01328-FFD1-4DC0-88AA-CD77CA34E7D0}.Debug|Any CPU.ActiveCfg = Debug|Any CPU
		{74A01328-FFD1-4DC0-88AA-CD77CA34E7D0}.Debug|Any CPU.Build.0 = Debug|Any CPU
		{74A01328-FFD1-4DC0-88AA-CD77CA34E7D0}.Release|Any CPU.ActiveCfg = Release|Any CPU
		{74A01328-FFD1-4DC0-88AA-CD77CA34E7D0}.Release|Any CPU.Build.0 = Release|Any CPU
		{B1E18896-9816-40E3-B260-E4E56A23CD72}.Debug|Any CPU.ActiveCfg = Debug|Any CPU
		{B1E18896-9816-40E3-B260-E4E56A23CD72}.Debug|Any CPU.Build.0 = Debug|Any CPU
		{B1E18896-9816-40E3-B260-E4E56A23CD72}.Release|Any CPU.ActiveCfg = Release|Any CPU
		{B1E18896-9816-40E3-B260-E4E56A23CD72}.Release|Any CPU.Build.0 = Release|Any CPU
		{44555887-C439-470C-944D-8866EC3D7067}.Debug|Any CPU.ActiveCfg = Debug|Any CPU
		{44555887-C439-470C-944D-8866EC3D7067}.Debug|Any CPU.Build.0 = Debug|Any CPU
		{44555887-C439-470C-944D-8866EC3D7067}.Release|Any CPU.ActiveCfg = Release|Any CPU
		{44555887-C439-470C-944D-8866EC3D7067}.Release|Any CPU.Build.0 = Release|Any CPU
	EndGlobalSection
	GlobalSection(SolutionProperties) = preSolution
		HideSolutionNode = FALSE
	EndGlobalSection
	GlobalSection(ExtensibilityGlobals) = postSolution
		SolutionGuid = {5D45151B-2430-4678-92A9-FDD22E418E85}
	EndGlobalSection
	GlobalSection(SubversionScc) = preSolution
		Svn-Managed = True
		Manager = AnkhSVN - Subversion Support for Visual Studio
	EndGlobalSection
EndGlobal
